
Microsoft Visual Studio Solution File, Format Version 12.00
# Visual Studio Version 16
VisualStudioVersion = 16.0.30804.86
MinimumVisualStudioVersion = 10.0.40219.1
Project("{9A19103F-16F7-4668-BE54-9A1E7A4F7556}") = "CecoChat.Messaging.Server", "CecoChat.Messaging.Server\CecoChat.Messaging.Server.csproj", "{C7F0F25B-75B3-4AA1-AA20-9D1E0C25366F}"
EndProject
Project("{2150E333-8FDC-42A3-9474-1A3956D46DE8}") = "Shared", "Shared", "{C320D788-140F-4A46-A3A8-7A91FD43290B}"
EndProject
Project("{2150E333-8FDC-42A3-9474-1A3956D46DE8}") = "Server", "Server", "{8A833F6F-10A3-4A3B-9B83-90F03DF415E4}"
EndProject
Project("{2150E333-8FDC-42A3-9474-1A3956D46DE8}") = "Client", "Client", "{44AE3E31-FA07-4616-9F29-3D2EACF18A68}"
EndProject
Project("{9A19103F-16F7-4668-BE54-9A1E7A4F7556}") = "CecoChat.Server.Materialize", "CecoChat.Server.Materialize\CecoChat.Server.Materialize.csproj", "{5BDA0EB2-2E0B-44C1-B44B-9F408B0EB2B7}"
EndProject
Project("{9A19103F-16F7-4668-BE54-9A1E7A4F7556}") = "CecoChat", "CecoChat\CecoChat.csproj", "{C5D4AA9D-5D7B-4EFC-A56D-112CFB59164D}"
EndProject
Project("{9A19103F-16F7-4668-BE54-9A1E7A4F7556}") = "CecoChat.Client.Wpf", "CecoChat.Client.Wpf\CecoChat.Client.Wpf.csproj", "{5431C418-33DF-47B5-BC46-01FE3F2257BD}"
EndProject
Project("{9A19103F-16F7-4668-BE54-9A1E7A4F7556}") = "CecoChat.Client", "CecoChat.Client\CecoChat.Client.csproj", "{5ADCA6C9-F043-41D3-96AC-559056FE6053}"
EndProject
Project("{9A19103F-16F7-4668-BE54-9A1E7A4F7556}") = "CecoChat.Server", "CecoChat.Server\CecoChat.Server.csproj", "{73E4CC6A-25E9-4CDA-B71F-CA5A1B0BC70B}"
EndProject
Project("{9A19103F-16F7-4668-BE54-9A1E7A4F7556}") = "CecoChat.Client.Console", "CecoChat.Client.Console\CecoChat.Client.Console.csproj", "{9D560593-98F0-4CED-9B4E-F2EE975264DA}"
EndProject
Project("{9A19103F-16F7-4668-BE54-9A1E7A4F7556}") = "CecoChat.Server.History", "CecoChat.Server.History\CecoChat.Server.History.csproj", "{27FB1957-1237-446C-BC7B-C4A3ACB8234A}"
EndProject
Project("{9A19103F-16F7-4668-BE54-9A1E7A4F7556}") = "CecoChat.Server.Connect", "CecoChat.Server.Connect\CecoChat.Server.Connect.csproj", "{4A2BBA46-E004-4353-97B4-DEB23502AA83}"
EndProject
Project("{2150E333-8FDC-42A3-9474-1A3956D46DE8}") = "Data", "Data", "{AFB9809C-E9BA-4CB1-93B5-2C95EA5A391C}"
EndProject
Project("{9A19103F-16F7-4668-BE54-9A1E7A4F7556}") = "CecoChat.Data.Config", "CecoChat.Data.Config\CecoChat.Data.Config.csproj", "{F5322D17-1D82-4929-A461-F9CB24371ED4}"
EndProject
Project("{9A19103F-16F7-4668-BE54-9A1E7A4F7556}") = "CecoChat.Server.Profile", "CecoChat.Server.Profile\CecoChat.Server.Profile.csproj", "{E887FD54-B681-44DF-9566-182DF3327B6B}"
EndProject
Project("{9A19103F-16F7-4668-BE54-9A1E7A4F7556}") = "CecoChat.Contracts", "CecoChat.Contracts\CecoChat.Contracts.csproj", "{29108519-587F-4A7E-8888-1E5F23F9F337}"
EndProject
Project("{9A19103F-16F7-4668-BE54-9A1E7A4F7556}") = "CecoChat.Data.History", "CecoChat.Data.History\CecoChat.Data.History.csproj", "{53BA66E3-EE2B-4B22-917D-95B0A1592DF0}"
EndProject
Project("{2150E333-8FDC-42A3-9474-1A3956D46DE8}") = "_Solution Items", "_Solution Items", "{3E1A6D0A-6D55-4180-8129-0B1A4BB9147D}"
	ProjectSection(SolutionItems) = preProject
		.editorconfig = .editorconfig
		server-addresses.txt = server-addresses.txt
	EndProjectSection
EndProject
Project("{9A19103F-16F7-4668-BE54-9A1E7A4F7556}") = "CecoChat.Server.IDGen", "CecoChat.Server.IDGen\CecoChat.Server.IDGen.csproj", "{27134AF1-F40F-4D2A-B231-D6CEA80D7AC1}"
EndProject
Project("{FAE04EC0-301F-11D3-BF4B-00C04F79EFBC}") = "CecoChat.Data.IDGen", "CecoChat.Data.IDGen\CecoChat.Data.IDGen.csproj", "{3BC3144F-BBD7-486E-94E9-847D9D01095E}"
EndProject
Global
	GlobalSection(SolutionConfigurationPlatforms) = preSolution
		Debug|Any CPU = Debug|Any CPU
		Release|Any CPU = Release|Any CPU
	EndGlobalSection
	GlobalSection(ProjectConfigurationPlatforms) = postSolution
		{C7F0F25B-75B3-4AA1-AA20-9D1E0C25366F}.Debug|Any CPU.ActiveCfg = Debug|Any CPU
		{C7F0F25B-75B3-4AA1-AA20-9D1E0C25366F}.Debug|Any CPU.Build.0 = Debug|Any CPU
		{C7F0F25B-75B3-4AA1-AA20-9D1E0C25366F}.Release|Any CPU.ActiveCfg = Release|Any CPU
		{C7F0F25B-75B3-4AA1-AA20-9D1E0C25366F}.Release|Any CPU.Build.0 = Release|Any CPU
		{5BDA0EB2-2E0B-44C1-B44B-9F408B0EB2B7}.Debug|Any CPU.ActiveCfg = Debug|Any CPU
		{5BDA0EB2-2E0B-44C1-B44B-9F408B0EB2B7}.Debug|Any CPU.Build.0 = Debug|Any CPU
		{5BDA0EB2-2E0B-44C1-B44B-9F408B0EB2B7}.Release|Any CPU.ActiveCfg = Release|Any CPU
		{5BDA0EB2-2E0B-44C1-B44B-9F408B0EB2B7}.Release|Any CPU.Build.0 = Release|Any CPU
		{C5D4AA9D-5D7B-4EFC-A56D-112CFB59164D}.Debug|Any CPU.ActiveCfg = Debug|Any CPU
		{C5D4AA9D-5D7B-4EFC-A56D-112CFB59164D}.Debug|Any CPU.Build.0 = Debug|Any CPU
		{C5D4AA9D-5D7B-4EFC-A56D-112CFB59164D}.Release|Any CPU.ActiveCfg = Release|Any CPU
		{C5D4AA9D-5D7B-4EFC-A56D-112CFB59164D}.Release|Any CPU.Build.0 = Release|Any CPU
		{5431C418-33DF-47B5-BC46-01FE3F2257BD}.Debug|Any CPU.ActiveCfg = Debug|Any CPU
		{5431C418-33DF-47B5-BC46-01FE3F2257BD}.Release|Any CPU.ActiveCfg = Release|Any CPU
		{5ADCA6C9-F043-41D3-96AC-559056FE6053}.Debug|Any CPU.ActiveCfg = Debug|Any CPU
		{5ADCA6C9-F043-41D3-96AC-559056FE6053}.Debug|Any CPU.Build.0 = Debug|Any CPU
		{5ADCA6C9-F043-41D3-96AC-559056FE6053}.Release|Any CPU.ActiveCfg = Release|Any CPU
		{5ADCA6C9-F043-41D3-96AC-559056FE6053}.Release|Any CPU.Build.0 = Release|Any CPU
		{73E4CC6A-25E9-4CDA-B71F-CA5A1B0BC70B}.Debug|Any CPU.ActiveCfg = Debug|Any CPU
		{73E4CC6A-25E9-4CDA-B71F-CA5A1B0BC70B}.Debug|Any CPU.Build.0 = Debug|Any CPU
		{73E4CC6A-25E9-4CDA-B71F-CA5A1B0BC70B}.Release|Any CPU.ActiveCfg = Release|Any CPU
		{73E4CC6A-25E9-4CDA-B71F-CA5A1B0BC70B}.Release|Any CPU.Build.0 = Release|Any CPU
		{9D560593-98F0-4CED-9B4E-F2EE975264DA}.Debug|Any CPU.ActiveCfg = Debug|Any CPU
		{9D560593-98F0-4CED-9B4E-F2EE975264DA}.Debug|Any CPU.Build.0 = Debug|Any CPU
		{9D560593-98F0-4CED-9B4E-F2EE975264DA}.Release|Any CPU.ActiveCfg = Release|Any CPU
		{9D560593-98F0-4CED-9B4E-F2EE975264DA}.Release|Any CPU.Build.0 = Release|Any CPU
		{27FB1957-1237-446C-BC7B-C4A3ACB8234A}.Debug|Any CPU.ActiveCfg = Debug|Any CPU
		{27FB1957-1237-446C-BC7B-C4A3ACB8234A}.Debug|Any CPU.Build.0 = Debug|Any CPU
		{27FB1957-1237-446C-BC7B-C4A3ACB8234A}.Release|Any CPU.ActiveCfg = Release|Any CPU
		{27FB1957-1237-446C-BC7B-C4A3ACB8234A}.Release|Any CPU.Build.0 = Release|Any CPU
		{4A2BBA46-E004-4353-97B4-DEB23502AA83}.Debug|Any CPU.ActiveCfg = Debug|Any CPU
		{4A2BBA46-E004-4353-97B4-DEB23502AA83}.Debug|Any CPU.Build.0 = Debug|Any CPU
		{4A2BBA46-E004-4353-97B4-DEB23502AA83}.Release|Any CPU.ActiveCfg = Release|Any CPU
		{4A2BBA46-E004-4353-97B4-DEB23502AA83}.Release|Any CPU.Build.0 = Release|Any CPU
		{F5322D17-1D82-4929-A461-F9CB24371ED4}.Debug|Any CPU.ActiveCfg = Debug|Any CPU
		{F5322D17-1D82-4929-A461-F9CB24371ED4}.Debug|Any CPU.Build.0 = Debug|Any CPU
		{F5322D17-1D82-4929-A461-F9CB24371ED4}.Release|Any CPU.ActiveCfg = Release|Any CPU
		{F5322D17-1D82-4929-A461-F9CB24371ED4}.Release|Any CPU.Build.0 = Release|Any CPU
		{E887FD54-B681-44DF-9566-182DF3327B6B}.Debug|Any CPU.ActiveCfg = Debug|Any CPU
		{E887FD54-B681-44DF-9566-182DF3327B6B}.Debug|Any CPU.Build.0 = Debug|Any CPU
		{E887FD54-B681-44DF-9566-182DF3327B6B}.Release|Any CPU.ActiveCfg = Release|Any CPU
		{E887FD54-B681-44DF-9566-182DF3327B6B}.Release|Any CPU.Build.0 = Release|Any CPU
		{29108519-587F-4A7E-8888-1E5F23F9F337}.Debug|Any CPU.ActiveCfg = Debug|Any CPU
		{29108519-587F-4A7E-8888-1E5F23F9F337}.Debug|Any CPU.Build.0 = Debug|Any CPU
		{29108519-587F-4A7E-8888-1E5F23F9F337}.Release|Any CPU.ActiveCfg = Release|Any CPU
		{29108519-587F-4A7E-8888-1E5F23F9F337}.Release|Any CPU.Build.0 = Release|Any CPU
		{53BA66E3-EE2B-4B22-917D-95B0A1592DF0}.Debug|Any CPU.ActiveCfg = Debug|Any CPU
		{53BA66E3-EE2B-4B22-917D-95B0A1592DF0}.Debug|Any CPU.Build.0 = Debug|Any CPU
		{53BA66E3-EE2B-4B22-917D-95B0A1592DF0}.Release|Any CPU.ActiveCfg = Release|Any CPU
		{53BA66E3-EE2B-4B22-917D-95B0A1592DF0}.Release|Any CPU.Build.0 = Release|Any CPU
		{27134AF1-F40F-4D2A-B231-D6CEA80D7AC1}.Debug|Any CPU.ActiveCfg = Debug|Any CPU
		{27134AF1-F40F-4D2A-B231-D6CEA80D7AC1}.Debug|Any CPU.Build.0 = Debug|Any CPU
		{27134AF1-F40F-4D2A-B231-D6CEA80D7AC1}.Release|Any CPU.ActiveCfg = Release|Any CPU
		{27134AF1-F40F-4D2A-B231-D6CEA80D7AC1}.Release|Any CPU.Build.0 = Release|Any CPU
		{3BC3144F-BBD7-486E-94E9-847D9D01095E}.Debug|Any CPU.ActiveCfg = Debug|Any CPU
		{3BC3144F-BBD7-486E-94E9-847D9D01095E}.Debug|Any CPU.Build.0 = Debug|Any CPU
		{3BC3144F-BBD7-486E-94E9-847D9D01095E}.Release|Any CPU.ActiveCfg = Release|Any CPU
		{3BC3144F-BBD7-486E-94E9-847D9D01095E}.Release|Any CPU.Build.0 = Release|Any CPU
	EndGlobalSection
	GlobalSection(SolutionProperties) = preSolution
		HideSolutionNode = FALSE
	EndGlobalSection
	GlobalSection(NestedProjects) = preSolution
		{C7F0F25B-75B3-4AA1-AA20-9D1E0C25366F} = {8A833F6F-10A3-4A3B-9B83-90F03DF415E4}
		{5BDA0EB2-2E0B-44C1-B44B-9F408B0EB2B7} = {8A833F6F-10A3-4A3B-9B83-90F03DF415E4}
		{C5D4AA9D-5D7B-4EFC-A56D-112CFB59164D} = {C320D788-140F-4A46-A3A8-7A91FD43290B}
		{5431C418-33DF-47B5-BC46-01FE3F2257BD} = {44AE3E31-FA07-4616-9F29-3D2EACF18A68}
		{5ADCA6C9-F043-41D3-96AC-559056FE6053} = {44AE3E31-FA07-4616-9F29-3D2EACF18A68}
		{73E4CC6A-25E9-4CDA-B71F-CA5A1B0BC70B} = {8A833F6F-10A3-4A3B-9B83-90F03DF415E4}
		{9D560593-98F0-4CED-9B4E-F2EE975264DA} = {44AE3E31-FA07-4616-9F29-3D2EACF18A68}
		{27FB1957-1237-446C-BC7B-C4A3ACB8234A} = {8A833F6F-10A3-4A3B-9B83-90F03DF415E4}
		{4A2BBA46-E004-4353-97B4-DEB23502AA83} = {8A833F6F-10A3-4A3B-9B83-90F03DF415E4}
		{F5322D17-1D82-4929-A461-F9CB24371ED4} = {AFB9809C-E9BA-4CB1-93B5-2C95EA5A391C}
		{E887FD54-B681-44DF-9566-182DF3327B6B} = {8A833F6F-10A3-4A3B-9B83-90F03DF415E4}
		{53BA66E3-EE2B-4B22-917D-95B0A1592DF0} = {AFB9809C-E9BA-4CB1-93B5-2C95EA5A391C}
		{27134AF1-F40F-4D2A-B231-D6CEA80D7AC1} = {8A833F6F-10A3-4A3B-9B83-90F03DF415E4}
		{29108519-587F-4A7E-8888-1E5F23F9F337} = {C320D788-140F-4A46-A3A8-7A91FD43290B}
		{3BC3144F-BBD7-486E-94E9-847D9D01095E} = {AFB9809C-E9BA-4CB1-93B5-2C95EA5A391C}
	EndGlobalSection
	GlobalSection(ExtensibilityGlobals) = postSolution
		SolutionGuid = {B5EAA668-8419-44F5-8BE5-9175A9B20BF8}
	EndGlobalSection
EndGlobal
