
Microsoft Visual Studio Solution File, Format Version 12.00
# Visual Studio Version 16
VisualStudioVersion = 16.0.30804.86
MinimumVisualStudioVersion = 10.0.40219.1
Project("{9A19103F-16F7-4668-BE54-9A1E7A4F7556}") = "CecoChat.Server.Messaging", "CecoChat.Server.Messaging\CecoChat.Server.Messaging.csproj", "{C7F0F25B-75B3-4AA1-AA20-9D1E0C25366F}"
EndProject
Project("{2150E333-8FDC-42A3-9474-1A3956D46DE8}") = "Common", "Common", "{C320D788-140F-4A46-A3A8-7A91FD43290B}"
EndProject
Project("{2150E333-8FDC-42A3-9474-1A3956D46DE8}") = "Server", "Server", "{8A833F6F-10A3-4A3B-9B83-90F03DF415E4}"
EndProject
Project("{2150E333-8FDC-42A3-9474-1A3956D46DE8}") = "Client", "Client", "{44AE3E31-FA07-4616-9F29-3D2EACF18A68}"
EndProject
Project("{9A19103F-16F7-4668-BE54-9A1E7A4F7556}") = "Common", "Common\Common.csproj", "{C5D4AA9D-5D7B-4EFC-A56D-112CFB59164D}"
EndProject
Project("{9A19103F-16F7-4668-BE54-9A1E7A4F7556}") = "CecoChat.Server", "CecoChat.Server\CecoChat.Server.csproj", "{73E4CC6A-25E9-4CDA-B71F-CA5A1B0BC70B}"
EndProject
Project("{9A19103F-16F7-4668-BE54-9A1E7A4F7556}") = "CecoChat.ConsoleClient", "CecoChat.ConsoleClient\CecoChat.ConsoleClient.csproj", "{9D560593-98F0-4CED-9B4E-F2EE975264DA}"
EndProject
Project("{2150E333-8FDC-42A3-9474-1A3956D46DE8}") = "Data", "Data", "{AFB9809C-E9BA-4CB1-93B5-2C95EA5A391C}"
EndProject
Project("{9A19103F-16F7-4668-BE54-9A1E7A4F7556}") = "CecoChat.Data.Config", "CecoChat.Data.Config\CecoChat.Data.Config.csproj", "{F5322D17-1D82-4929-A461-F9CB24371ED4}"
EndProject
Project("{9A19103F-16F7-4668-BE54-9A1E7A4F7556}") = "CecoChat.Contracts", "CecoChat.Contracts\CecoChat.Contracts.csproj", "{29108519-587F-4A7E-8888-1E5F23F9F337}"
EndProject
Project("{9A19103F-16F7-4668-BE54-9A1E7A4F7556}") = "CecoChat.IdGen.Service", "CecoChat.IdGen.Service\CecoChat.IdGen.Service.csproj", "{27134AF1-F40F-4D2A-B231-D6CEA80D7AC1}"
EndProject
Project("{FAE04EC0-301F-11D3-BF4B-00C04F79EFBC}") = "CecoChat.IdGen.Client", "CecoChat.IdGen.Client\CecoChat.IdGen.Client.csproj", "{3BC3144F-BBD7-486E-94E9-847D9D01095E}"
EndProject
Project("{FAE04EC0-301F-11D3-BF4B-00C04F79EFBC}") = "CecoChat.Data", "CecoChat.Data\CecoChat.Data.csproj", "{25AFDC40-C3C4-4596-9DAF-565778F32E13}"
EndProject
Project("{2150E333-8FDC-42A3-9474-1A3956D46DE8}") = "ClientApp", "ClientApp", "{B88830A6-E83A-4D9D-AE2A-E2AF97011F26}"
EndProject
Project("{FAE04EC0-301F-11D3-BF4B-00C04F79EFBC}") = "CecoChat.Bff.Service", "CecoChat.Bff.Service\CecoChat.Bff.Service.csproj", "{A5A22F6B-1B14-4805-8EE2-A8AEED885E5E}"
EndProject
Project("{FAE04EC0-301F-11D3-BF4B-00C04F79EFBC}") = "CecoChat.User.Data", "CecoChat.User.Data\CecoChat.User.Data.csproj", "{673F68FD-8828-4E56-ACD3-990BAB164F97}"
EndProject
Project("{FAE04EC0-301F-11D3-BF4B-00C04F79EFBC}") = "CecoChat.User.Service", "CecoChat.User.Service\CecoChat.User.Service.csproj", "{1429EA0D-FB1C-4F74-91CF-4D8BB75D5F82}"
EndProject
Project("{FAE04EC0-301F-11D3-BF4B-00C04F79EFBC}") = "CecoChat.User.Client", "CecoChat.User.Client\CecoChat.User.Client.csproj", "{81CFDD61-DFD5-481B-A149-760A87BDE944}"
EndProject
Project("{FAE04EC0-301F-11D3-BF4B-00C04F79EFBC}") = "CecoChat.Bff.Contracts", "CecoChat.Bff.Contracts\CecoChat.Bff.Contracts.csproj", "{B12102CE-6270-494E-A50C-A72538060CB7}"
EndProject
Project("{FAE04EC0-301F-11D3-BF4B-00C04F79EFBC}") = "CecoChat.Messaging.Contracts", "CecoChat.Messaging.Contracts\CecoChat.Messaging.Contracts.csproj", "{F795F112-0CE1-4F94-8665-C0F7FDDA3D3A}"
EndProject
Project("{FAE04EC0-301F-11D3-BF4B-00C04F79EFBC}") = "Common.AspNet", "Common.AspNet\Common.AspNet.csproj", "{FEF5F628-618A-4EAB-AD5D-386D566BA181}"
EndProject
Project("{FAE04EC0-301F-11D3-BF4B-00C04F79EFBC}") = "Common.Cassandra", "Common.Cassandra\Common.Cassandra.csproj", "{B39148B8-4539-4A4A-843A-57D543FE8F03}"
EndProject
Project("{FAE04EC0-301F-11D3-BF4B-00C04F79EFBC}") = "Common.Kafka", "Common.Kafka\Common.Kafka.csproj", "{1AB035D7-3B0E-4EEC-A843-1672F9757A68}"
EndProject
Project("{FAE04EC0-301F-11D3-BF4B-00C04F79EFBC}") = "Common.Npgsql", "Common.Npgsql\Common.Npgsql.csproj", "{D78E2CAD-9A11-472D-AE31-C3929AAF4666}"
EndProject
Project("{FAE04EC0-301F-11D3-BF4B-00C04F79EFBC}") = "Common.Redis", "Common.Redis\Common.Redis.csproj", "{547F97A1-656E-4778-94E9-074A8687558C}"
EndProject
Project("{2150E333-8FDC-42A3-9474-1A3956D46DE8}") = "Contracts", "Contracts", "{6352A387-10F6-4654-86CA-DDA69BB0C186}"
EndProject
Project("{FAE04EC0-301F-11D3-BF4B-00C04F79EFBC}") = "CecoChat.Messaging.Client", "CecoChat.Messaging.Client\CecoChat.Messaging.Client.csproj", "{55851257-216D-4D78-ADC4-F8EA833C1454}"
EndProject
Project("{FAE04EC0-301F-11D3-BF4B-00C04F79EFBC}") = "CecoChat.LoadTester", "CecoChat.LoadTester\CecoChat.LoadTester.csproj", "{401B1EBC-B78E-4444-864F-6F0B3E198165}"
EndProject
Project("{FAE04EC0-301F-11D3-BF4B-00C04F79EFBC}") = "CecoChat.Chats.Data", "CecoChat.Chats.Data\CecoChat.Chats.Data.csproj", "{83FC4A7A-B716-4E79-ABF4-F7736FE2CB29}"
EndProject
Project("{FAE04EC0-301F-11D3-BF4B-00C04F79EFBC}") = "CecoChat.Chats.Service", "CecoChat.Chats.Service\CecoChat.Chats.Service.csproj", "{C4077FF9-47A6-41EF-ACA8-FDA29B1BE145}"
EndProject
Project("{FAE04EC0-301F-11D3-BF4B-00C04F79EFBC}") = "CecoChat.Chats.Client", "CecoChat.Chats.Client\CecoChat.Chats.Client.csproj", "{403F45A1-FED4-492C-A3A4-612E58484AFB}"
EndProject
Project("{FAE04EC0-301F-11D3-BF4B-00C04F79EFBC}") = "CecoChat.User.Contracts", "CecoChat.User.Contracts\CecoChat.User.Contracts.csproj", "{3C9A5EE9-FBF1-4051-8605-AB3CBC916758}"
EndProject
Project("{FAE04EC0-301F-11D3-BF4B-00C04F79EFBC}") = "CecoChat.Chats.Contracts", "CecoChat.Chats.Contracts\CecoChat.Chats.Contracts.csproj", "{71A9691D-DFE5-46B0-995F-91A5BB056BD2}"
EndProject
Project("{FAE04EC0-301F-11D3-BF4B-00C04F79EFBC}") = "CecoChat.Contracts.Config", "CecoChat.Contracts.Config\CecoChat.Contracts.Config.csproj", "{49E56454-19D7-4CBC-AF13-ECF26EEAA1E2}"
EndProject
Project("{FAE04EC0-301F-11D3-BF4B-00C04F79EFBC}") = "CecoChat.Client.Config", "CecoChat.Client.Config\CecoChat.Client.Config.csproj", "{4982A62E-6628-481D-BBE3-49526885D436}"
EndProject
Project("{FAE04EC0-301F-11D3-BF4B-00C04F79EFBC}") = "CecoChat.DynamicConfig", "CecoChat.DynamicConfig\CecoChat.DynamicConfig.csproj", "{D5FD0095-9F85-40B2-8AC0-5C93EC6DC06E}"
EndProject
Project("{FAE04EC0-301F-11D3-BF4B-00C04F79EFBC}") = "CecoChat.Server.Config", "CecoChat.Server.Config\CecoChat.Server.Config.csproj", "{AE7B77F6-D35B-45ED-A904-725148AFDC53}"
EndProject
Project("{FAE04EC0-301F-11D3-BF4B-00C04F79EFBC}") = "Common.Minio", "Common.Minio\Common.Minio.csproj", "{43EDE37F-B9F8-4E17-AB45-D6E5F7D0F1BE}"
EndProject
Project("{FAE04EC0-301F-11D3-BF4B-00C04F79EFBC}") = "Common.OpenTelemetry", "Common.OpenTelemetry\Common.OpenTelemetry.csproj", "{B716DE1F-1BC8-4D6F-8EA4-C9871EC3C9DB}"
EndProject
Project("{2150E333-8FDC-42A3-9474-1A3956D46DE8}") = "Components", "Components", "{40DD0429-AC4C-4A22-B668-34DC395023D1}"
EndProject
Project("{2150E333-8FDC-42A3-9474-1A3956D46DE8}") = "IdGen", "IdGen", "{DA6D302C-F6BB-4BC3-BDDD-AE316FB64537}"
EndProject
Project("{FAE04EC0-301F-11D3-BF4B-00C04F79EFBC}") = "CecoChat.IdGen.Contracts", "CecoChat.IdGen.Contracts\CecoChat.IdGen.Contracts.csproj", "{8848E89A-4C61-4C35-A970-53E9039E4069}"
EndProject
Project("{2150E333-8FDC-42A3-9474-1A3956D46DE8}") = "Chats", "Chats", "{AD63D00D-89DD-4F1E-A311-DE9EAE1F701A}"
EndProject
Project("{2150E333-8FDC-42A3-9474-1A3956D46DE8}") = "User", "User", "{EA119D90-B81C-491A-B3AC-ED7C73353D47}"
EndProject
Project("{2150E333-8FDC-42A3-9474-1A3956D46DE8}") = "Bff", "Bff", "{3DF0AF8F-356D-4AFB-B99B-C5394227C16A}"
EndProject
Project("{2150E333-8FDC-42A3-9474-1A3956D46DE8}") = "Messaging", "Messaging", "{85D40328-0234-4DB2-882B-24B1404913A7}"
EndProject
Global
	GlobalSection(SolutionConfigurationPlatforms) = preSolution
		Debug|Any CPU = Debug|Any CPU
		Release|Any CPU = Release|Any CPU
	EndGlobalSection
	GlobalSection(ProjectConfigurationPlatforms) = postSolution
		{C7F0F25B-75B3-4AA1-AA20-9D1E0C25366F}.Debug|Any CPU.ActiveCfg = Debug|Any CPU
		{C7F0F25B-75B3-4AA1-AA20-9D1E0C25366F}.Debug|Any CPU.Build.0 = Debug|Any CPU
		{C7F0F25B-75B3-4AA1-AA20-9D1E0C25366F}.Release|Any CPU.ActiveCfg = Release|Any CPU
		{C7F0F25B-75B3-4AA1-AA20-9D1E0C25366F}.Release|Any CPU.Build.0 = Release|Any CPU
		{C5D4AA9D-5D7B-4EFC-A56D-112CFB59164D}.Debug|Any CPU.ActiveCfg = Debug|Any CPU
		{C5D4AA9D-5D7B-4EFC-A56D-112CFB59164D}.Debug|Any CPU.Build.0 = Debug|Any CPU
		{C5D4AA9D-5D7B-4EFC-A56D-112CFB59164D}.Release|Any CPU.ActiveCfg = Release|Any CPU
		{C5D4AA9D-5D7B-4EFC-A56D-112CFB59164D}.Release|Any CPU.Build.0 = Release|Any CPU
		{73E4CC6A-25E9-4CDA-B71F-CA5A1B0BC70B}.Debug|Any CPU.ActiveCfg = Debug|Any CPU
		{73E4CC6A-25E9-4CDA-B71F-CA5A1B0BC70B}.Debug|Any CPU.Build.0 = Debug|Any CPU
		{73E4CC6A-25E9-4CDA-B71F-CA5A1B0BC70B}.Release|Any CPU.ActiveCfg = Release|Any CPU
		{73E4CC6A-25E9-4CDA-B71F-CA5A1B0BC70B}.Release|Any CPU.Build.0 = Release|Any CPU
		{9D560593-98F0-4CED-9B4E-F2EE975264DA}.Debug|Any CPU.ActiveCfg = Debug|Any CPU
		{9D560593-98F0-4CED-9B4E-F2EE975264DA}.Debug|Any CPU.Build.0 = Debug|Any CPU
		{9D560593-98F0-4CED-9B4E-F2EE975264DA}.Release|Any CPU.ActiveCfg = Release|Any CPU
		{9D560593-98F0-4CED-9B4E-F2EE975264DA}.Release|Any CPU.Build.0 = Release|Any CPU
		{F5322D17-1D82-4929-A461-F9CB24371ED4}.Debug|Any CPU.ActiveCfg = Debug|Any CPU
		{F5322D17-1D82-4929-A461-F9CB24371ED4}.Debug|Any CPU.Build.0 = Debug|Any CPU
		{F5322D17-1D82-4929-A461-F9CB24371ED4}.Release|Any CPU.ActiveCfg = Release|Any CPU
		{F5322D17-1D82-4929-A461-F9CB24371ED4}.Release|Any CPU.Build.0 = Release|Any CPU
		{29108519-587F-4A7E-8888-1E5F23F9F337}.Debug|Any CPU.ActiveCfg = Debug|Any CPU
		{29108519-587F-4A7E-8888-1E5F23F9F337}.Debug|Any CPU.Build.0 = Debug|Any CPU
		{29108519-587F-4A7E-8888-1E5F23F9F337}.Release|Any CPU.ActiveCfg = Release|Any CPU
		{29108519-587F-4A7E-8888-1E5F23F9F337}.Release|Any CPU.Build.0 = Release|Any CPU
		{27134AF1-F40F-4D2A-B231-D6CEA80D7AC1}.Debug|Any CPU.ActiveCfg = Debug|Any CPU
		{27134AF1-F40F-4D2A-B231-D6CEA80D7AC1}.Debug|Any CPU.Build.0 = Debug|Any CPU
		{27134AF1-F40F-4D2A-B231-D6CEA80D7AC1}.Release|Any CPU.ActiveCfg = Release|Any CPU
		{27134AF1-F40F-4D2A-B231-D6CEA80D7AC1}.Release|Any CPU.Build.0 = Release|Any CPU
		{3BC3144F-BBD7-486E-94E9-847D9D01095E}.Debug|Any CPU.ActiveCfg = Debug|Any CPU
		{3BC3144F-BBD7-486E-94E9-847D9D01095E}.Debug|Any CPU.Build.0 = Debug|Any CPU
		{3BC3144F-BBD7-486E-94E9-847D9D01095E}.Release|Any CPU.ActiveCfg = Release|Any CPU
		{3BC3144F-BBD7-486E-94E9-847D9D01095E}.Release|Any CPU.Build.0 = Release|Any CPU
		{25AFDC40-C3C4-4596-9DAF-565778F32E13}.Debug|Any CPU.ActiveCfg = Debug|Any CPU
		{25AFDC40-C3C4-4596-9DAF-565778F32E13}.Debug|Any CPU.Build.0 = Debug|Any CPU
		{25AFDC40-C3C4-4596-9DAF-565778F32E13}.Release|Any CPU.ActiveCfg = Release|Any CPU
		{25AFDC40-C3C4-4596-9DAF-565778F32E13}.Release|Any CPU.Build.0 = Release|Any CPU
		{A5A22F6B-1B14-4805-8EE2-A8AEED885E5E}.Debug|Any CPU.ActiveCfg = Debug|Any CPU
		{A5A22F6B-1B14-4805-8EE2-A8AEED885E5E}.Debug|Any CPU.Build.0 = Debug|Any CPU
		{A5A22F6B-1B14-4805-8EE2-A8AEED885E5E}.Release|Any CPU.ActiveCfg = Release|Any CPU
		{A5A22F6B-1B14-4805-8EE2-A8AEED885E5E}.Release|Any CPU.Build.0 = Release|Any CPU
		{673F68FD-8828-4E56-ACD3-990BAB164F97}.Debug|Any CPU.ActiveCfg = Debug|Any CPU
		{673F68FD-8828-4E56-ACD3-990BAB164F97}.Debug|Any CPU.Build.0 = Debug|Any CPU
		{673F68FD-8828-4E56-ACD3-990BAB164F97}.Release|Any CPU.ActiveCfg = Release|Any CPU
		{673F68FD-8828-4E56-ACD3-990BAB164F97}.Release|Any CPU.Build.0 = Release|Any CPU
		{1429EA0D-FB1C-4F74-91CF-4D8BB75D5F82}.Debug|Any CPU.ActiveCfg = Debug|Any CPU
		{1429EA0D-FB1C-4F74-91CF-4D8BB75D5F82}.Debug|Any CPU.Build.0 = Debug|Any CPU
		{1429EA0D-FB1C-4F74-91CF-4D8BB75D5F82}.Release|Any CPU.ActiveCfg = Release|Any CPU
		{1429EA0D-FB1C-4F74-91CF-4D8BB75D5F82}.Release|Any CPU.Build.0 = Release|Any CPU
		{81CFDD61-DFD5-481B-A149-760A87BDE944}.Debug|Any CPU.ActiveCfg = Debug|Any CPU
		{81CFDD61-DFD5-481B-A149-760A87BDE944}.Debug|Any CPU.Build.0 = Debug|Any CPU
		{81CFDD61-DFD5-481B-A149-760A87BDE944}.Release|Any CPU.ActiveCfg = Release|Any CPU
		{81CFDD61-DFD5-481B-A149-760A87BDE944}.Release|Any CPU.Build.0 = Release|Any CPU
		{B12102CE-6270-494E-A50C-A72538060CB7}.Debug|Any CPU.ActiveCfg = Debug|Any CPU
		{B12102CE-6270-494E-A50C-A72538060CB7}.Debug|Any CPU.Build.0 = Debug|Any CPU
		{B12102CE-6270-494E-A50C-A72538060CB7}.Release|Any CPU.ActiveCfg = Release|Any CPU
		{B12102CE-6270-494E-A50C-A72538060CB7}.Release|Any CPU.Build.0 = Release|Any CPU
		{F795F112-0CE1-4F94-8665-C0F7FDDA3D3A}.Debug|Any CPU.ActiveCfg = Debug|Any CPU
		{F795F112-0CE1-4F94-8665-C0F7FDDA3D3A}.Debug|Any CPU.Build.0 = Debug|Any CPU
		{F795F112-0CE1-4F94-8665-C0F7FDDA3D3A}.Release|Any CPU.ActiveCfg = Release|Any CPU
		{F795F112-0CE1-4F94-8665-C0F7FDDA3D3A}.Release|Any CPU.Build.0 = Release|Any CPU
		{FEF5F628-618A-4EAB-AD5D-386D566BA181}.Debug|Any CPU.ActiveCfg = Debug|Any CPU
		{FEF5F628-618A-4EAB-AD5D-386D566BA181}.Debug|Any CPU.Build.0 = Debug|Any CPU
		{FEF5F628-618A-4EAB-AD5D-386D566BA181}.Release|Any CPU.ActiveCfg = Release|Any CPU
		{FEF5F628-618A-4EAB-AD5D-386D566BA181}.Release|Any CPU.Build.0 = Release|Any CPU
		{B39148B8-4539-4A4A-843A-57D543FE8F03}.Debug|Any CPU.ActiveCfg = Debug|Any CPU
		{B39148B8-4539-4A4A-843A-57D543FE8F03}.Debug|Any CPU.Build.0 = Debug|Any CPU
		{B39148B8-4539-4A4A-843A-57D543FE8F03}.Release|Any CPU.ActiveCfg = Release|Any CPU
		{B39148B8-4539-4A4A-843A-57D543FE8F03}.Release|Any CPU.Build.0 = Release|Any CPU
		{1AB035D7-3B0E-4EEC-A843-1672F9757A68}.Debug|Any CPU.ActiveCfg = Debug|Any CPU
		{1AB035D7-3B0E-4EEC-A843-1672F9757A68}.Debug|Any CPU.Build.0 = Debug|Any CPU
		{1AB035D7-3B0E-4EEC-A843-1672F9757A68}.Release|Any CPU.ActiveCfg = Release|Any CPU
		{1AB035D7-3B0E-4EEC-A843-1672F9757A68}.Release|Any CPU.Build.0 = Release|Any CPU
		{D78E2CAD-9A11-472D-AE31-C3929AAF4666}.Debug|Any CPU.ActiveCfg = Debug|Any CPU
		{D78E2CAD-9A11-472D-AE31-C3929AAF4666}.Debug|Any CPU.Build.0 = Debug|Any CPU
		{D78E2CAD-9A11-472D-AE31-C3929AAF4666}.Release|Any CPU.ActiveCfg = Release|Any CPU
		{D78E2CAD-9A11-472D-AE31-C3929AAF4666}.Release|Any CPU.Build.0 = Release|Any CPU
		{547F97A1-656E-4778-94E9-074A8687558C}.Debug|Any CPU.ActiveCfg = Debug|Any CPU
		{547F97A1-656E-4778-94E9-074A8687558C}.Debug|Any CPU.Build.0 = Debug|Any CPU
		{547F97A1-656E-4778-94E9-074A8687558C}.Release|Any CPU.ActiveCfg = Release|Any CPU
		{547F97A1-656E-4778-94E9-074A8687558C}.Release|Any CPU.Build.0 = Release|Any CPU
		{55851257-216D-4D78-ADC4-F8EA833C1454}.Debug|Any CPU.ActiveCfg = Debug|Any CPU
		{55851257-216D-4D78-ADC4-F8EA833C1454}.Debug|Any CPU.Build.0 = Debug|Any CPU
		{55851257-216D-4D78-ADC4-F8EA833C1454}.Release|Any CPU.ActiveCfg = Release|Any CPU
		{55851257-216D-4D78-ADC4-F8EA833C1454}.Release|Any CPU.Build.0 = Release|Any CPU
		{401B1EBC-B78E-4444-864F-6F0B3E198165}.Debug|Any CPU.ActiveCfg = Debug|Any CPU
		{401B1EBC-B78E-4444-864F-6F0B3E198165}.Debug|Any CPU.Build.0 = Debug|Any CPU
		{401B1EBC-B78E-4444-864F-6F0B3E198165}.Release|Any CPU.ActiveCfg = Release|Any CPU
		{401B1EBC-B78E-4444-864F-6F0B3E198165}.Release|Any CPU.Build.0 = Release|Any CPU
		{83FC4A7A-B716-4E79-ABF4-F7736FE2CB29}.Debug|Any CPU.ActiveCfg = Debug|Any CPU
		{83FC4A7A-B716-4E79-ABF4-F7736FE2CB29}.Debug|Any CPU.Build.0 = Debug|Any CPU
		{83FC4A7A-B716-4E79-ABF4-F7736FE2CB29}.Release|Any CPU.ActiveCfg = Release|Any CPU
		{83FC4A7A-B716-4E79-ABF4-F7736FE2CB29}.Release|Any CPU.Build.0 = Release|Any CPU
		{C4077FF9-47A6-41EF-ACA8-FDA29B1BE145}.Debug|Any CPU.ActiveCfg = Debug|Any CPU
		{C4077FF9-47A6-41EF-ACA8-FDA29B1BE145}.Debug|Any CPU.Build.0 = Debug|Any CPU
		{C4077FF9-47A6-41EF-ACA8-FDA29B1BE145}.Release|Any CPU.ActiveCfg = Release|Any CPU
		{C4077FF9-47A6-41EF-ACA8-FDA29B1BE145}.Release|Any CPU.Build.0 = Release|Any CPU
		{403F45A1-FED4-492C-A3A4-612E58484AFB}.Debug|Any CPU.ActiveCfg = Debug|Any CPU
		{403F45A1-FED4-492C-A3A4-612E58484AFB}.Debug|Any CPU.Build.0 = Debug|Any CPU
		{403F45A1-FED4-492C-A3A4-612E58484AFB}.Release|Any CPU.ActiveCfg = Release|Any CPU
		{403F45A1-FED4-492C-A3A4-612E58484AFB}.Release|Any CPU.Build.0 = Release|Any CPU
		{3C9A5EE9-FBF1-4051-8605-AB3CBC916758}.Debug|Any CPU.ActiveCfg = Debug|Any CPU
		{3C9A5EE9-FBF1-4051-8605-AB3CBC916758}.Debug|Any CPU.Build.0 = Debug|Any CPU
		{3C9A5EE9-FBF1-4051-8605-AB3CBC916758}.Release|Any CPU.ActiveCfg = Release|Any CPU
		{3C9A5EE9-FBF1-4051-8605-AB3CBC916758}.Release|Any CPU.Build.0 = Release|Any CPU
		{71A9691D-DFE5-46B0-995F-91A5BB056BD2}.Debug|Any CPU.ActiveCfg = Debug|Any CPU
		{71A9691D-DFE5-46B0-995F-91A5BB056BD2}.Debug|Any CPU.Build.0 = Debug|Any CPU
		{71A9691D-DFE5-46B0-995F-91A5BB056BD2}.Release|Any CPU.ActiveCfg = Release|Any CPU
		{71A9691D-DFE5-46B0-995F-91A5BB056BD2}.Release|Any CPU.Build.0 = Release|Any CPU
		{49E56454-19D7-4CBC-AF13-ECF26EEAA1E2}.Debug|Any CPU.ActiveCfg = Debug|Any CPU
		{49E56454-19D7-4CBC-AF13-ECF26EEAA1E2}.Debug|Any CPU.Build.0 = Debug|Any CPU
		{49E56454-19D7-4CBC-AF13-ECF26EEAA1E2}.Release|Any CPU.ActiveCfg = Release|Any CPU
		{49E56454-19D7-4CBC-AF13-ECF26EEAA1E2}.Release|Any CPU.Build.0 = Release|Any CPU
		{4982A62E-6628-481D-BBE3-49526885D436}.Debug|Any CPU.ActiveCfg = Debug|Any CPU
		{4982A62E-6628-481D-BBE3-49526885D436}.Debug|Any CPU.Build.0 = Debug|Any CPU
		{4982A62E-6628-481D-BBE3-49526885D436}.Release|Any CPU.ActiveCfg = Release|Any CPU
		{4982A62E-6628-481D-BBE3-49526885D436}.Release|Any CPU.Build.0 = Release|Any CPU
		{D5FD0095-9F85-40B2-8AC0-5C93EC6DC06E}.Debug|Any CPU.ActiveCfg = Debug|Any CPU
		{D5FD0095-9F85-40B2-8AC0-5C93EC6DC06E}.Debug|Any CPU.Build.0 = Debug|Any CPU
		{D5FD0095-9F85-40B2-8AC0-5C93EC6DC06E}.Release|Any CPU.ActiveCfg = Release|Any CPU
		{D5FD0095-9F85-40B2-8AC0-5C93EC6DC06E}.Release|Any CPU.Build.0 = Release|Any CPU
		{AE7B77F6-D35B-45ED-A904-725148AFDC53}.Debug|Any CPU.ActiveCfg = Debug|Any CPU
		{AE7B77F6-D35B-45ED-A904-725148AFDC53}.Debug|Any CPU.Build.0 = Debug|Any CPU
		{AE7B77F6-D35B-45ED-A904-725148AFDC53}.Release|Any CPU.ActiveCfg = Release|Any CPU
		{AE7B77F6-D35B-45ED-A904-725148AFDC53}.Release|Any CPU.Build.0 = Release|Any CPU
		{43EDE37F-B9F8-4E17-AB45-D6E5F7D0F1BE}.Debug|Any CPU.ActiveCfg = Debug|Any CPU
		{43EDE37F-B9F8-4E17-AB45-D6E5F7D0F1BE}.Debug|Any CPU.Build.0 = Debug|Any CPU
		{43EDE37F-B9F8-4E17-AB45-D6E5F7D0F1BE}.Release|Any CPU.ActiveCfg = Release|Any CPU
		{43EDE37F-B9F8-4E17-AB45-D6E5F7D0F1BE}.Release|Any CPU.Build.0 = Release|Any CPU
		{B716DE1F-1BC8-4D6F-8EA4-C9871EC3C9DB}.Debug|Any CPU.ActiveCfg = Debug|Any CPU
		{B716DE1F-1BC8-4D6F-8EA4-C9871EC3C9DB}.Debug|Any CPU.Build.0 = Debug|Any CPU
		{B716DE1F-1BC8-4D6F-8EA4-C9871EC3C9DB}.Release|Any CPU.ActiveCfg = Release|Any CPU
		{B716DE1F-1BC8-4D6F-8EA4-C9871EC3C9DB}.Release|Any CPU.Build.0 = Release|Any CPU
		{8848E89A-4C61-4C35-A970-53E9039E4069}.Debug|Any CPU.ActiveCfg = Debug|Any CPU
		{8848E89A-4C61-4C35-A970-53E9039E4069}.Debug|Any CPU.Build.0 = Debug|Any CPU
		{8848E89A-4C61-4C35-A970-53E9039E4069}.Release|Any CPU.ActiveCfg = Release|Any CPU
		{8848E89A-4C61-4C35-A970-53E9039E4069}.Release|Any CPU.Build.0 = Release|Any CPU
	EndGlobalSection
	GlobalSection(SolutionProperties) = preSolution
		HideSolutionNode = FALSE
	EndGlobalSection
	GlobalSection(NestedProjects) = preSolution
		{C7F0F25B-75B3-4AA1-AA20-9D1E0C25366F} = {8A833F6F-10A3-4A3B-9B83-90F03DF415E4}
		{C5D4AA9D-5D7B-4EFC-A56D-112CFB59164D} = {C320D788-140F-4A46-A3A8-7A91FD43290B}
		{73E4CC6A-25E9-4CDA-B71F-CA5A1B0BC70B} = {8A833F6F-10A3-4A3B-9B83-90F03DF415E4}
		{F5322D17-1D82-4929-A461-F9CB24371ED4} = {AFB9809C-E9BA-4CB1-93B5-2C95EA5A391C}
		{25AFDC40-C3C4-4596-9DAF-565778F32E13} = {AFB9809C-E9BA-4CB1-93B5-2C95EA5A391C}
		{9D560593-98F0-4CED-9B4E-F2EE975264DA} = {B88830A6-E83A-4D9D-AE2A-E2AF97011F26}
		{FEF5F628-618A-4EAB-AD5D-386D566BA181} = {C320D788-140F-4A46-A3A8-7A91FD43290B}
		{B39148B8-4539-4A4A-843A-57D543FE8F03} = {C320D788-140F-4A46-A3A8-7A91FD43290B}
		{1AB035D7-3B0E-4EEC-A843-1672F9757A68} = {C320D788-140F-4A46-A3A8-7A91FD43290B}
		{D78E2CAD-9A11-472D-AE31-C3929AAF4666} = {C320D788-140F-4A46-A3A8-7A91FD43290B}
		{547F97A1-656E-4778-94E9-074A8687558C} = {C320D788-140F-4A46-A3A8-7A91FD43290B}
		{29108519-587F-4A7E-8888-1E5F23F9F337} = {6352A387-10F6-4654-86CA-DDA69BB0C186}
		{401B1EBC-B78E-4444-864F-6F0B3E198165} = {B88830A6-E83A-4D9D-AE2A-E2AF97011F26}
		{49E56454-19D7-4CBC-AF13-ECF26EEAA1E2} = {6352A387-10F6-4654-86CA-DDA69BB0C186}
		{4982A62E-6628-481D-BBE3-49526885D436} = {44AE3E31-FA07-4616-9F29-3D2EACF18A68}
		{D5FD0095-9F85-40B2-8AC0-5C93EC6DC06E} = {8A833F6F-10A3-4A3B-9B83-90F03DF415E4}
		{AE7B77F6-D35B-45ED-A904-725148AFDC53} = {8A833F6F-10A3-4A3B-9B83-90F03DF415E4}
		{43EDE37F-B9F8-4E17-AB45-D6E5F7D0F1BE} = {C320D788-140F-4A46-A3A8-7A91FD43290B}
		{B716DE1F-1BC8-4D6F-8EA4-C9871EC3C9DB} = {C320D788-140F-4A46-A3A8-7A91FD43290B}
		{DA6D302C-F6BB-4BC3-BDDD-AE316FB64537} = {40DD0429-AC4C-4A22-B668-34DC395023D1}
		{8848E89A-4C61-4C35-A970-53E9039E4069} = {DA6D302C-F6BB-4BC3-BDDD-AE316FB64537}
		{27134AF1-F40F-4D2A-B231-D6CEA80D7AC1} = {DA6D302C-F6BB-4BC3-BDDD-AE316FB64537}
		{3BC3144F-BBD7-486E-94E9-847D9D01095E} = {DA6D302C-F6BB-4BC3-BDDD-AE316FB64537}
		{AD63D00D-89DD-4F1E-A311-DE9EAE1F701A} = {40DD0429-AC4C-4A22-B668-34DC395023D1}
		{71A9691D-DFE5-46B0-995F-91A5BB056BD2} = {AD63D00D-89DD-4F1E-A311-DE9EAE1F701A}
		{403F45A1-FED4-492C-A3A4-612E58484AFB} = {AD63D00D-89DD-4F1E-A311-DE9EAE1F701A}
		{83FC4A7A-B716-4E79-ABF4-F7736FE2CB29} = {AD63D00D-89DD-4F1E-A311-DE9EAE1F701A}
		{C4077FF9-47A6-41EF-ACA8-FDA29B1BE145} = {AD63D00D-89DD-4F1E-A311-DE9EAE1F701A}
		{EA119D90-B81C-491A-B3AC-ED7C73353D47} = {40DD0429-AC4C-4A22-B668-34DC395023D1}
		{3C9A5EE9-FBF1-4051-8605-AB3CBC916758} = {EA119D90-B81C-491A-B3AC-ED7C73353D47}
		{81CFDD61-DFD5-481B-A149-760A87BDE944} = {EA119D90-B81C-491A-B3AC-ED7C73353D47}
		{673F68FD-8828-4E56-ACD3-990BAB164F97} = {EA119D90-B81C-491A-B3AC-ED7C73353D47}
		{1429EA0D-FB1C-4F74-91CF-4D8BB75D5F82} = {EA119D90-B81C-491A-B3AC-ED7C73353D47}
		{3DF0AF8F-356D-4AFB-B99B-C5394227C16A} = {40DD0429-AC4C-4A22-B668-34DC395023D1}
		{B12102CE-6270-494E-A50C-A72538060CB7} = {3DF0AF8F-356D-4AFB-B99B-C5394227C16A}
		{A5A22F6B-1B14-4805-8EE2-A8AEED885E5E} = {3DF0AF8F-356D-4AFB-B99B-C5394227C16A}
		{85D40328-0234-4DB2-882B-24B1404913A7} = {40DD0429-AC4C-4A22-B668-34DC395023D1}
		{F795F112-0CE1-4F94-8665-C0F7FDDA3D3A} = {85D40328-0234-4DB2-882B-24B1404913A7}
		{55851257-216D-4D78-ADC4-F8EA833C1454} = {85D40328-0234-4DB2-882B-24B1404913A7}
	EndGlobalSection
	GlobalSection(ExtensibilityGlobals) = postSolution
		SolutionGuid = {B5EAA668-8419-44F5-8BE5-9175A9B20BF8}
	EndGlobalSection
EndGlobal
