
Microsoft Visual Studio Solution File, Format Version 12.00
# Visual Studio Version 16
VisualStudioVersion = 16.0.30804.86
MinimumVisualStudioVersion = 10.0.40219.1
Project("{9A19103F-16F7-4668-BE54-9A1E7A4F7556}") = "CecoChat.ConsoleClient", "CecoChat.ConsoleClient\CecoChat.ConsoleClient.csproj", "{CED486B0-F23C-4C9C-9BEC-D20EA7B4236D}"
EndProject
Project("{9A19103F-16F7-4668-BE54-9A1E7A4F7556}") = "CecoChat.Messaging.Server", "CecoChat.Messaging.Server\CecoChat.Messaging.Server.csproj", "{C7F0F25B-75B3-4AA1-AA20-9D1E0C25366F}"
EndProject
Project("{9A19103F-16F7-4668-BE54-9A1E7A4F7556}") = "CecoChat.Contracts.Backend", "CecoChat.Contracts.Backend\CecoChat.Contracts.Backend.csproj", "{36B908A7-76FE-40D6-B2D2-860D33B55C81}"
EndProject
Project("{2150E333-8FDC-42A3-9474-1A3956D46DE8}") = "Shared", "Shared", "{C320D788-140F-4A46-A3A8-7A91FD43290B}"
EndProject
Project("{2150E333-8FDC-42A3-9474-1A3956D46DE8}") = "Backend", "Backend", "{8A833F6F-10A3-4A3B-9B83-90F03DF415E4}"
EndProject
Project("{2150E333-8FDC-42A3-9474-1A3956D46DE8}") = "Client", "Client", "{44AE3E31-FA07-4616-9F29-3D2EACF18A68}"
EndProject
Project("{9A19103F-16F7-4668-BE54-9A1E7A4F7556}") = "CecoChat.Materialize.Server", "CecoChat.Materialize.Server\CecoChat.Materialize.Server.csproj", "{5BDA0EB2-2E0B-44C1-B44B-9F408B0EB2B7}"
EndProject
Project("{9A19103F-16F7-4668-BE54-9A1E7A4F7556}") = "CecoChat", "CecoChat\CecoChat.csproj", "{C5D4AA9D-5D7B-4EFC-A56D-112CFB59164D}"
EndProject
Project("{9A19103F-16F7-4668-BE54-9A1E7A4F7556}") = "CecoChat.Data.Messaging", "CecoChat.Data.Messaging\CecoChat.Data.Messaging.csproj", "{A47B8947-05D4-4878-8FD0-D7109CFEBA91}"
EndProject
Global
	GlobalSection(SolutionConfigurationPlatforms) = preSolution
		Debug|Any CPU = Debug|Any CPU
		Release|Any CPU = Release|Any CPU
	EndGlobalSection
	GlobalSection(ProjectConfigurationPlatforms) = postSolution
		{CED486B0-F23C-4C9C-9BEC-D20EA7B4236D}.Debug|Any CPU.ActiveCfg = Debug|Any CPU
		{CED486B0-F23C-4C9C-9BEC-D20EA7B4236D}.Debug|Any CPU.Build.0 = Debug|Any CPU
		{CED486B0-F23C-4C9C-9BEC-D20EA7B4236D}.Release|Any CPU.ActiveCfg = Release|Any CPU
		{CED486B0-F23C-4C9C-9BEC-D20EA7B4236D}.Release|Any CPU.Build.0 = Release|Any CPU
		{C7F0F25B-75B3-4AA1-AA20-9D1E0C25366F}.Debug|Any CPU.ActiveCfg = Debug|Any CPU
		{C7F0F25B-75B3-4AA1-AA20-9D1E0C25366F}.Debug|Any CPU.Build.0 = Debug|Any CPU
		{C7F0F25B-75B3-4AA1-AA20-9D1E0C25366F}.Release|Any CPU.ActiveCfg = Release|Any CPU
		{C7F0F25B-75B3-4AA1-AA20-9D1E0C25366F}.Release|Any CPU.Build.0 = Release|Any CPU
		{36B908A7-76FE-40D6-B2D2-860D33B55C81}.Debug|Any CPU.ActiveCfg = Debug|Any CPU
		{36B908A7-76FE-40D6-B2D2-860D33B55C81}.Debug|Any CPU.Build.0 = Debug|Any CPU
		{36B908A7-76FE-40D6-B2D2-860D33B55C81}.Release|Any CPU.ActiveCfg = Release|Any CPU
		{36B908A7-76FE-40D6-B2D2-860D33B55C81}.Release|Any CPU.Build.0 = Release|Any CPU
		{5BDA0EB2-2E0B-44C1-B44B-9F408B0EB2B7}.Debug|Any CPU.ActiveCfg = Debug|Any CPU
		{5BDA0EB2-2E0B-44C1-B44B-9F408B0EB2B7}.Debug|Any CPU.Build.0 = Debug|Any CPU
		{5BDA0EB2-2E0B-44C1-B44B-9F408B0EB2B7}.Release|Any CPU.ActiveCfg = Release|Any CPU
		{5BDA0EB2-2E0B-44C1-B44B-9F408B0EB2B7}.Release|Any CPU.Build.0 = Release|Any CPU
		{C5D4AA9D-5D7B-4EFC-A56D-112CFB59164D}.Debug|Any CPU.ActiveCfg = Debug|Any CPU
		{C5D4AA9D-5D7B-4EFC-A56D-112CFB59164D}.Debug|Any CPU.Build.0 = Debug|Any CPU
		{C5D4AA9D-5D7B-4EFC-A56D-112CFB59164D}.Release|Any CPU.ActiveCfg = Release|Any CPU
		{C5D4AA9D-5D7B-4EFC-A56D-112CFB59164D}.Release|Any CPU.Build.0 = Release|Any CPU
		{A47B8947-05D4-4878-8FD0-D7109CFEBA91}.Debug|Any CPU.ActiveCfg = Debug|Any CPU
		{A47B8947-05D4-4878-8FD0-D7109CFEBA91}.Debug|Any CPU.Build.0 = Debug|Any CPU
		{A47B8947-05D4-4878-8FD0-D7109CFEBA91}.Release|Any CPU.ActiveCfg = Release|Any CPU
		{A47B8947-05D4-4878-8FD0-D7109CFEBA91}.Release|Any CPU.Build.0 = Release|Any CPU
	EndGlobalSection
	GlobalSection(SolutionProperties) = preSolution
		HideSolutionNode = FALSE
	EndGlobalSection
	GlobalSection(NestedProjects) = preSolution
		{CED486B0-F23C-4C9C-9BEC-D20EA7B4236D} = {44AE3E31-FA07-4616-9F29-3D2EACF18A68}
		{C7F0F25B-75B3-4AA1-AA20-9D1E0C25366F} = {8A833F6F-10A3-4A3B-9B83-90F03DF415E4}
		{36B908A7-76FE-40D6-B2D2-860D33B55C81} = {C320D788-140F-4A46-A3A8-7A91FD43290B}
		{5BDA0EB2-2E0B-44C1-B44B-9F408B0EB2B7} = {8A833F6F-10A3-4A3B-9B83-90F03DF415E4}
		{C5D4AA9D-5D7B-4EFC-A56D-112CFB59164D} = {C320D788-140F-4A46-A3A8-7A91FD43290B}
		{A47B8947-05D4-4878-8FD0-D7109CFEBA91} = {C320D788-140F-4A46-A3A8-7A91FD43290B}
	EndGlobalSection
	GlobalSection(ExtensibilityGlobals) = postSolution
		SolutionGuid = {B5EAA668-8419-44F5-8BE5-9175A9B20BF8}
	EndGlobalSection
EndGlobal
