
Microsoft Visual Studio Solution File, Format Version 12.00
# Visual Studio Version 16
VisualStudioVersion = 16.0.30804.86
MinimumVisualStudioVersion = 10.0.40219.1
Project("{9A19103F-16F7-4668-BE54-9A1E7A4F7556}") = "Common", "Common\Common.csproj", "{E1E56F4F-7CC0-4CED-9235-BA6FB5CFC090}"
EndProject
Project("{9A19103F-16F7-4668-BE54-9A1E7A4F7556}") = "Check.Hashing", "Check.Hashing\Check.Hashing.csproj", "{E2EFE6DE-28AB-4D5E-B479-569F81C9814C}"
EndProject
Project("{9A19103F-16F7-4668-BE54-9A1E7A4F7556}") = "Check.Connections.Server", "Check.Connections.Server\Check.Connections.Server.csproj", "{645AB441-8905-4CEF-A533-F3B0868F4CC4}"
EndProject
Project("{9A19103F-16F7-4668-BE54-9A1E7A4F7556}") = "Check.Connections.Client", "Check.Connections.Client\Check.Connections.Client.csproj", "{7D935A0A-2919-41A6-BBDB-6BE5A26382CE}"
EndProject
Project("{2150E333-8FDC-42A3-9474-1A3956D46DE8}") = "Libs", "Libs", "{0437A04A-6168-4697-A90B-A926411A4432}"
EndProject
Project("{FAE04EC0-301F-11D3-BF4B-00C04F79EFBC}") = "CecoChat.Messaging.Contracts", "CecoChat.Messaging.Contracts\CecoChat.Messaging.Contracts.csproj", "{EB7FD887-03F3-42B3-BAB4-D378EFF61518}"
EndProject
Global
	GlobalSection(SolutionConfigurationPlatforms) = preSolution
		Debug|Any CPU = Debug|Any CPU
		Release|Any CPU = Release|Any CPU
	EndGlobalSection
	GlobalSection(ProjectConfigurationPlatforms) = postSolution
		{E1E56F4F-7CC0-4CED-9235-BA6FB5CFC090}.Debug|Any CPU.ActiveCfg = Debug|Any CPU
		{E1E56F4F-7CC0-4CED-9235-BA6FB5CFC090}.Debug|Any CPU.Build.0 = Debug|Any CPU
		{E1E56F4F-7CC0-4CED-9235-BA6FB5CFC090}.Release|Any CPU.ActiveCfg = Release|Any CPU
		{E1E56F4F-7CC0-4CED-9235-BA6FB5CFC090}.Release|Any CPU.Build.0 = Release|Any CPU
		{E2EFE6DE-28AB-4D5E-B479-569F81C9814C}.Debug|Any CPU.ActiveCfg = Debug|Any CPU
		{E2EFE6DE-28AB-4D5E-B479-569F81C9814C}.Debug|Any CPU.Build.0 = Debug|Any CPU
		{E2EFE6DE-28AB-4D5E-B479-569F81C9814C}.Release|Any CPU.ActiveCfg = Release|Any CPU
		{E2EFE6DE-28AB-4D5E-B479-569F81C9814C}.Release|Any CPU.Build.0 = Release|Any CPU
		{645AB441-8905-4CEF-A533-F3B0868F4CC4}.Debug|Any CPU.ActiveCfg = Debug|Any CPU
		{645AB441-8905-4CEF-A533-F3B0868F4CC4}.Debug|Any CPU.Build.0 = Debug|Any CPU
		{645AB441-8905-4CEF-A533-F3B0868F4CC4}.Release|Any CPU.ActiveCfg = Release|Any CPU
		{645AB441-8905-4CEF-A533-F3B0868F4CC4}.Release|Any CPU.Build.0 = Release|Any CPU
		{7D935A0A-2919-41A6-BBDB-6BE5A26382CE}.Debug|Any CPU.ActiveCfg = Debug|Any CPU
		{7D935A0A-2919-41A6-BBDB-6BE5A26382CE}.Debug|Any CPU.Build.0 = Debug|Any CPU
		{7D935A0A-2919-41A6-BBDB-6BE5A26382CE}.Release|Any CPU.ActiveCfg = Release|Any CPU
		{7D935A0A-2919-41A6-BBDB-6BE5A26382CE}.Release|Any CPU.Build.0 = Release|Any CPU
		{EB7FD887-03F3-42B3-BAB4-D378EFF61518}.Debug|Any CPU.ActiveCfg = Debug|Any CPU
		{EB7FD887-03F3-42B3-BAB4-D378EFF61518}.Debug|Any CPU.Build.0 = Debug|Any CPU
		{EB7FD887-03F3-42B3-BAB4-D378EFF61518}.Release|Any CPU.ActiveCfg = Release|Any CPU
		{EB7FD887-03F3-42B3-BAB4-D378EFF61518}.Release|Any CPU.Build.0 = Release|Any CPU
	EndGlobalSection
	GlobalSection(SolutionProperties) = preSolution
		HideSolutionNode = FALSE
	EndGlobalSection
	GlobalSection(NestedProjects) = preSolution
		{E1E56F4F-7CC0-4CED-9235-BA6FB5CFC090} = {0437A04A-6168-4697-A90B-A926411A4432}
		{EB7FD887-03F3-42B3-BAB4-D378EFF61518} = {0437A04A-6168-4697-A90B-A926411A4432}
	EndGlobalSection
	GlobalSection(ExtensibilityGlobals) = postSolution
		SolutionGuid = {B5EAA668-8419-44F5-8BE5-9175A9B20BF8}
	EndGlobalSection
EndGlobal
